
Microsoft Visual Studio Solution File, Format Version 12.00
# Visual Studio Version 16
VisualStudioVersion = 16.0.31424.327
MinimumVisualStudioVersion = 10.0.40219.1
Project("{9A19103F-16F7-4668-BE54-9A1E7A4F7556}") = "Joke-Video-Generator", "Joke-Video-Generator\Joke-Video-Generator.csproj", "{04ECCD98-60D6-4F7D-89BB-4C6E73ED02D3}"
EndProject
Project("{FAE04EC0-301F-11D3-BF4B-00C04F79EFBC}") = "WindowsForms", "WindowsForms\WindowsForms.csproj", "{430D7972-AEA9-4EDE-9C50-F5EA9D8F3C58}"
EndProject
Project("{FAE04EC0-301F-11D3-BF4B-00C04F79EFBC}") = "ConsoleApp1", "ConsoleApp1\ConsoleApp1.csproj", "{A94AEE52-866F-40E5-AA59-7D5A1D182DD2}"
EndProject
Global
	GlobalSection(SolutionConfigurationPlatforms) = preSolution
		Debug|Any CPU = Debug|Any CPU
		Release|Any CPU = Release|Any CPU
	EndGlobalSection
	GlobalSection(ProjectConfigurationPlatforms) = postSolution
		{04ECCD98-60D6-4F7D-89BB-4C6E73ED02D3}.Debug|Any CPU.ActiveCfg = Debug|Any CPU
		{04ECCD98-60D6-4F7D-89BB-4C6E73ED02D3}.Debug|Any CPU.Build.0 = Debug|Any CPU
		{04ECCD98-60D6-4F7D-89BB-4C6E73ED02D3}.Release|Any CPU.ActiveCfg = Release|Any CPU
		{04ECCD98-60D6-4F7D-89BB-4C6E73ED02D3}.Release|Any CPU.Build.0 = Release|Any CPU
		{430D7972-AEA9-4EDE-9C50-F5EA9D8F3C58}.Debug|Any CPU.ActiveCfg = Debug|Any CPU
		{430D7972-AEA9-4EDE-9C50-F5EA9D8F3C58}.Debug|Any CPU.Build.0 = Debug|Any CPU
		{430D7972-AEA9-4EDE-9C50-F5EA9D8F3C58}.Release|Any CPU.ActiveCfg = Release|Any CPU
		{430D7972-AEA9-4EDE-9C50-F5EA9D8F3C58}.Release|Any CPU.Build.0 = Release|Any CPU
		{A94AEE52-866F-40E5-AA59-7D5A1D182DD2}.Debug|Any CPU.ActiveCfg = Debug|Any CPU
		{A94AEE52-866F-40E5-AA59-7D5A1D182DD2}.Debug|Any CPU.Build.0 = Debug|Any CPU
		{A94AEE52-866F-40E5-AA59-7D5A1D182DD2}.Release|Any CPU.ActiveCfg = Release|Any CPU
		{A94AEE52-866F-40E5-AA59-7D5A1D182DD2}.Release|Any CPU.Build.0 = Release|Any CPU
	EndGlobalSection
	GlobalSection(SolutionProperties) = preSolution
		HideSolutionNode = FALSE
	EndGlobalSection
	GlobalSection(ExtensibilityGlobals) = postSolution
		SolutionGuid = {004383ED-2B00-450D-8B3B-273BA1E97D3C}
	EndGlobalSection
EndGlobal
